
Microsoft Visual Studio Solution File, Format Version 12.00
# Visual Studio Version 16
VisualStudioVersion = 16.0.31624.102
MinimumVisualStudioVersion = 10.0.40219.1
Project("{9A19103F-16F7-4668-BE54-9A1E7A4F7556}") = "PSEnergyApi.Common", "PSEnergyApi.Common\PSEnergyApi.Common.csproj", "{048FECA1-BE0C-467E-9C57-72B74EDCB30E}"
EndProject
Project("{9A19103F-16F7-4668-BE54-9A1E7A4F7556}") = "PSEnergy.Web", "PSEnergy.Web\PSEnergy.Web.csproj", "{FE2E2AE6-F2D8-4C3E-AE19-70E8013335F6}"
EndProject
Global
	GlobalSection(SolutionConfigurationPlatforms) = preSolution
		Debug|Any CPU = Debug|Any CPU
		Release|Any CPU = Release|Any CPU
	EndGlobalSection
	GlobalSection(ProjectConfigurationPlatforms) = postSolution
		{048FECA1-BE0C-467E-9C57-72B74EDCB30E}.Debug|Any CPU.ActiveCfg = Debug|Any CPU
		{048FECA1-BE0C-467E-9C57-72B74EDCB30E}.Debug|Any CPU.Build.0 = Debug|Any CPU
		{048FECA1-BE0C-467E-9C57-72B74EDCB30E}.Release|Any CPU.ActiveCfg = Release|Any CPU
		{048FECA1-BE0C-467E-9C57-72B74EDCB30E}.Release|Any CPU.Build.0 = Release|Any CPU
		{FE2E2AE6-F2D8-4C3E-AE19-70E8013335F6}.Debug|Any CPU.ActiveCfg = Debug|Any CPU
		{FE2E2AE6-F2D8-4C3E-AE19-70E8013335F6}.Debug|Any CPU.Build.0 = Debug|Any CPU
		{FE2E2AE6-F2D8-4C3E-AE19-70E8013335F6}.Release|Any CPU.ActiveCfg = Release|Any CPU
		{FE2E2AE6-F2D8-4C3E-AE19-70E8013335F6}.Release|Any CPU.Build.0 = Release|Any CPU
	EndGlobalSection
	GlobalSection(SolutionProperties) = preSolution
		HideSolutionNode = FALSE
	EndGlobalSection
	GlobalSection(ExtensibilityGlobals) = postSolution
		SolutionGuid = {A3395847-AA01-4AF0-A27A-AE5E734AF0D1}
	EndGlobalSection
EndGlobal
